
Microsoft Visual Studio Solution File, Format Version 12.00
# Visual Studio Version 16
VisualStudioVersion = 16.0.30517.126
MinimumVisualStudioVersion = 10.0.40219.1
Project("{9A19103F-16F7-4668-BE54-9A1E7A4F7556}") = "HBMC.Web.Api", "HBMC.Web.Api\HBMC.Web.Api.csproj", "{52A0DB81-4E56-4DA0-B82E-4B9D6D773C93}"
EndProject
Project("{9A19103F-16F7-4668-BE54-9A1E7A4F7556}") = "HBMC.Domain.Api", "HBMC.Domain.Api\HBMC.Domain.Api.csproj", "{195CF8FA-585C-432C-A4F1-0762B4108F29}"
EndProject
Project("{2150E333-8FDC-42A3-9474-1A3956D46DE8}") = "HBMC Web Api", "HBMC Web Api", "{E8592A14-DA49-47C1-ABA2-0852103C0BC5}"
EndProject
Project("{2150E333-8FDC-42A3-9474-1A3956D46DE8}") = "HBMC Domain Api", "HBMC Domain Api", "{7C6D5D08-242D-42E2-A79C-A78CBF6F9FD1}"
EndProject
Project("{9A19103F-16F7-4668-BE54-9A1E7A4F7556}") = "HBMC.Domain.Api.Models", "HBMC.Domain.Api.Models\HBMC.Domain.Api.Models.csproj", "{6D46AD8E-785A-428D-B09E-B7C8EDAAE474}"
EndProject
Project("{9A19103F-16F7-4668-BE54-9A1E7A4F7556}") = "HBMC.Web.Api.Services", "HBMC.Web.Api.Model.Services\HBMC.Web.Api.Services.csproj", "{82838D57-1C6C-45C0-A4DF-7C94500C16B6}"
EndProject
Project("{9A19103F-16F7-4668-BE54-9A1E7A4F7556}") = "HBMC.Domain.Api.Services", "HBMC.Domain.Api.Servicea\HBMC.Domain.Api.Services.csproj", "{7123372B-260F-4F2D-9C85-779E653F8E88}"
EndProject
Project("{FAE04EC0-301F-11D3-BF4B-00C04F79EFBC}") = "SharePointLibrary", "..\SharePointLibrary\SharePointLibrary\SharePointLibrary.csproj", "{2B010E6F-D61E-4215-B267-A4BE244511C3}"
EndProject
Project("{FAE04EC0-301F-11D3-BF4B-00C04F79EFBC}") = "HBMC.Domain.ApiTests", "HBMC.Domain.ApiTests\HBMC.Domain.ApiTests.csproj", "{7386FA19-8912-427C-9C35-118BCA3D0AC2}"
EndProject
Project("{FAE04EC0-301F-11D3-BF4B-00C04F79EFBC}") = "HBMC.Domain.Api.ServicesTests", "HBMC.Domain.Api.ServicesTests\HBMC.Domain.Api.ServicesTests.csproj", "{5162B818-5215-4A85-A743-F5408D3BAF49}"
EndProject
Project("{FAE04EC0-301F-11D3-BF4B-00C04F79EFBC}") = "HBMC.Web.Api.Model", "HBMC.Web.Api.Model\HBMC.Web.Api.Model.csproj", "{76A5F8B5-1CAE-4445-8C26-CD00425E5C64}"
EndProject
Global
	GlobalSection(SolutionConfigurationPlatforms) = preSolution
		Debug|Any CPU = Debug|Any CPU
		Release|Any CPU = Release|Any CPU
	EndGlobalSection
	GlobalSection(ProjectConfigurationPlatforms) = postSolution
		{52A0DB81-4E56-4DA0-B82E-4B9D6D773C93}.Debug|Any CPU.ActiveCfg = Debug|Any CPU
		{52A0DB81-4E56-4DA0-B82E-4B9D6D773C93}.Debug|Any CPU.Build.0 = Debug|Any CPU
		{52A0DB81-4E56-4DA0-B82E-4B9D6D773C93}.Release|Any CPU.ActiveCfg = Release|Any CPU
		{52A0DB81-4E56-4DA0-B82E-4B9D6D773C93}.Release|Any CPU.Build.0 = Release|Any CPU
		{195CF8FA-585C-432C-A4F1-0762B4108F29}.Debug|Any CPU.ActiveCfg = Debug|Any CPU
		{195CF8FA-585C-432C-A4F1-0762B4108F29}.Debug|Any CPU.Build.0 = Debug|Any CPU
		{195CF8FA-585C-432C-A4F1-0762B4108F29}.Release|Any CPU.ActiveCfg = Release|Any CPU
		{195CF8FA-585C-432C-A4F1-0762B4108F29}.Release|Any CPU.Build.0 = Release|Any CPU
		{6D46AD8E-785A-428D-B09E-B7C8EDAAE474}.Debug|Any CPU.ActiveCfg = Debug|Any CPU
		{6D46AD8E-785A-428D-B09E-B7C8EDAAE474}.Debug|Any CPU.Build.0 = Debug|Any CPU
		{6D46AD8E-785A-428D-B09E-B7C8EDAAE474}.Release|Any CPU.ActiveCfg = Release|Any CPU
		{6D46AD8E-785A-428D-B09E-B7C8EDAAE474}.Release|Any CPU.Build.0 = Release|Any CPU
		{82838D57-1C6C-45C0-A4DF-7C94500C16B6}.Debug|Any CPU.ActiveCfg = Debug|Any CPU
		{82838D57-1C6C-45C0-A4DF-7C94500C16B6}.Debug|Any CPU.Build.0 = Debug|Any CPU
		{82838D57-1C6C-45C0-A4DF-7C94500C16B6}.Release|Any CPU.ActiveCfg = Release|Any CPU
		{82838D57-1C6C-45C0-A4DF-7C94500C16B6}.Release|Any CPU.Build.0 = Release|Any CPU
		{7123372B-260F-4F2D-9C85-779E653F8E88}.Debug|Any CPU.ActiveCfg = Debug|Any CPU
		{7123372B-260F-4F2D-9C85-779E653F8E88}.Debug|Any CPU.Build.0 = Debug|Any CPU
		{7123372B-260F-4F2D-9C85-779E653F8E88}.Release|Any CPU.ActiveCfg = Release|Any CPU
		{7123372B-260F-4F2D-9C85-779E653F8E88}.Release|Any CPU.Build.0 = Release|Any CPU
		{2B010E6F-D61E-4215-B267-A4BE244511C3}.Debug|Any CPU.ActiveCfg = Debug|Any CPU
		{2B010E6F-D61E-4215-B267-A4BE244511C3}.Debug|Any CPU.Build.0 = Debug|Any CPU
		{2B010E6F-D61E-4215-B267-A4BE244511C3}.Release|Any CPU.ActiveCfg = Release|Any CPU
		{2B010E6F-D61E-4215-B267-A4BE244511C3}.Release|Any CPU.Build.0 = Release|Any CPU
		{7386FA19-8912-427C-9C35-118BCA3D0AC2}.Debug|Any CPU.ActiveCfg = Debug|Any CPU
		{7386FA19-8912-427C-9C35-118BCA3D0AC2}.Debug|Any CPU.Build.0 = Debug|Any CPU
		{7386FA19-8912-427C-9C35-118BCA3D0AC2}.Release|Any CPU.ActiveCfg = Release|Any CPU
		{7386FA19-8912-427C-9C35-118BCA3D0AC2}.Release|Any CPU.Build.0 = Release|Any CPU
		{5162B818-5215-4A85-A743-F5408D3BAF49}.Debug|Any CPU.ActiveCfg = Debug|Any CPU
		{5162B818-5215-4A85-A743-F5408D3BAF49}.Debug|Any CPU.Build.0 = Debug|Any CPU
		{5162B818-5215-4A85-A743-F5408D3BAF49}.Release|Any CPU.ActiveCfg = Release|Any CPU
		{5162B818-5215-4A85-A743-F5408D3BAF49}.Release|Any CPU.Build.0 = Release|Any CPU
		{76A5F8B5-1CAE-4445-8C26-CD00425E5C64}.Debug|Any CPU.ActiveCfg = Debug|Any CPU
		{76A5F8B5-1CAE-4445-8C26-CD00425E5C64}.Debug|Any CPU.Build.0 = Debug|Any CPU
		{76A5F8B5-1CAE-4445-8C26-CD00425E5C64}.Release|Any CPU.ActiveCfg = Release|Any CPU
		{76A5F8B5-1CAE-4445-8C26-CD00425E5C64}.Release|Any CPU.Build.0 = Release|Any CPU
	EndGlobalSection
	GlobalSection(SolutionProperties) = preSolution
		HideSolutionNode = FALSE
	EndGlobalSection
	GlobalSection(NestedProjects) = preSolution
		{52A0DB81-4E56-4DA0-B82E-4B9D6D773C93} = {E8592A14-DA49-47C1-ABA2-0852103C0BC5}
		{195CF8FA-585C-432C-A4F1-0762B4108F29} = {7C6D5D08-242D-42E2-A79C-A78CBF6F9FD1}
		{6D46AD8E-785A-428D-B09E-B7C8EDAAE474} = {7C6D5D08-242D-42E2-A79C-A78CBF6F9FD1}
		{82838D57-1C6C-45C0-A4DF-7C94500C16B6} = {E8592A14-DA49-47C1-ABA2-0852103C0BC5}
		{7123372B-260F-4F2D-9C85-779E653F8E88} = {7C6D5D08-242D-42E2-A79C-A78CBF6F9FD1}
		{2B010E6F-D61E-4215-B267-A4BE244511C3} = {7C6D5D08-242D-42E2-A79C-A78CBF6F9FD1}
		{76A5F8B5-1CAE-4445-8C26-CD00425E5C64} = {E8592A14-DA49-47C1-ABA2-0852103C0BC5}
	EndGlobalSection
	GlobalSection(ExtensibilityGlobals) = postSolution
		SolutionGuid = {459C1A62-9A4A-44D0-8A61-E985BE01DC13}
	EndGlobalSection
EndGlobal
