
Microsoft Visual Studio Solution File, Format Version 12.00
# Visual Studio Version 16
VisualStudioVersion = 16.0.30517.126
MinimumVisualStudioVersion = 10.0.40219.1
Project("{9A19103F-16F7-4668-BE54-9A1E7A4F7556}") = "HBMC.Domain.Api", "HBMC.Domain.Api\HBMC.Domain.Api.csproj", "{195CF8FA-585C-432C-A4F1-0762B4108F29}"
EndProject
Project("{2150E333-8FDC-42A3-9474-1A3956D46DE8}") = "HBMC Domain Api", "HBMC Domain Api", "{7C6D5D08-242D-42E2-A79C-A78CBF6F9FD1}"
EndProject
Project("{9A19103F-16F7-4668-BE54-9A1E7A4F7556}") = "HBMC.Domain.Api.Models", "HBMC.Domain.Api.Models\HBMC.Domain.Api.Models.csproj", "{6D46AD8E-785A-428D-B09E-B7C8EDAAE474}"
EndProject
Project("{9A19103F-16F7-4668-BE54-9A1E7A4F7556}") = "HBMC.Domain.ApiTests", "HBMC.Domain.ApiTests\HBMC.Domain.ApiTests.csproj", "{7386FA19-8912-427C-9C35-118BCA3D0AC2}"
EndProject
Project("{9A19103F-16F7-4668-BE54-9A1E7A4F7556}") = "HBMC.Domain.Api.ServicesTests", "HBMC.Domain.Api.ServicesTests\HBMC.Domain.Api.ServicesTests.csproj", "{5162B818-5215-4A85-A743-F5408D3BAF49}"
EndProject
Project("{FAE04EC0-301F-11D3-BF4B-00C04F79EFBC}") = "SharePointLibraryService", "SharePointLibraryService\SharePointLibraryService.csproj", "{19AD26AA-3C2E-470C-9210-C98A53691909}"
EndProject
Project("{9A19103F-16F7-4668-BE54-9A1E7A4F7556}") = "HBMC.Domain.Api.Services", "HBMC.Domain.Api.Services\HBMC.Domain.Api.Services.csproj", "{B127144D-A219-4AEE-9275-C303AC27CBD1}"
EndProject
Global
	GlobalSection(SolutionConfigurationPlatforms) = preSolution
		Debug|Any CPU = Debug|Any CPU
		Release|Any CPU = Release|Any CPU
	EndGlobalSection
	GlobalSection(ProjectConfigurationPlatforms) = postSolution
		{195CF8FA-585C-432C-A4F1-0762B4108F29}.Debug|Any CPU.ActiveCfg = Debug|Any CPU
		{195CF8FA-585C-432C-A4F1-0762B4108F29}.Debug|Any CPU.Build.0 = Debug|Any CPU
		{195CF8FA-585C-432C-A4F1-0762B4108F29}.Release|Any CPU.ActiveCfg = Release|Any CPU
		{195CF8FA-585C-432C-A4F1-0762B4108F29}.Release|Any CPU.Build.0 = Release|Any CPU
		{6D46AD8E-785A-428D-B09E-B7C8EDAAE474}.Debug|Any CPU.ActiveCfg = Debug|Any CPU
		{6D46AD8E-785A-428D-B09E-B7C8EDAAE474}.Debug|Any CPU.Build.0 = Debug|Any CPU
		{6D46AD8E-785A-428D-B09E-B7C8EDAAE474}.Release|Any CPU.ActiveCfg = Release|Any CPU
		{6D46AD8E-785A-428D-B09E-B7C8EDAAE474}.Release|Any CPU.Build.0 = Release|Any CPU
		{7386FA19-8912-427C-9C35-118BCA3D0AC2}.Debug|Any CPU.ActiveCfg = Debug|Any CPU
		{7386FA19-8912-427C-9C35-118BCA3D0AC2}.Debug|Any CPU.Build.0 = Debug|Any CPU
		{7386FA19-8912-427C-9C35-118BCA3D0AC2}.Release|Any CPU.ActiveCfg = Release|Any CPU
		{7386FA19-8912-427C-9C35-118BCA3D0AC2}.Release|Any CPU.Build.0 = Release|Any CPU
		{5162B818-5215-4A85-A743-F5408D3BAF49}.Debug|Any CPU.ActiveCfg = Debug|Any CPU
		{5162B818-5215-4A85-A743-F5408D3BAF49}.Debug|Any CPU.Build.0 = Debug|Any CPU
		{5162B818-5215-4A85-A743-F5408D3BAF49}.Release|Any CPU.ActiveCfg = Release|Any CPU
		{5162B818-5215-4A85-A743-F5408D3BAF49}.Release|Any CPU.Build.0 = Release|Any CPU
		{19AD26AA-3C2E-470C-9210-C98A53691909}.Debug|Any CPU.ActiveCfg = Debug|Any CPU
		{19AD26AA-3C2E-470C-9210-C98A53691909}.Debug|Any CPU.Build.0 = Debug|Any CPU
		{19AD26AA-3C2E-470C-9210-C98A53691909}.Release|Any CPU.ActiveCfg = Release|Any CPU
		{19AD26AA-3C2E-470C-9210-C98A53691909}.Release|Any CPU.Build.0 = Release|Any CPU
		{B127144D-A219-4AEE-9275-C303AC27CBD1}.Debug|Any CPU.ActiveCfg = Debug|Any CPU
		{B127144D-A219-4AEE-9275-C303AC27CBD1}.Debug|Any CPU.Build.0 = Debug|Any CPU
		{B127144D-A219-4AEE-9275-C303AC27CBD1}.Release|Any CPU.ActiveCfg = Release|Any CPU
		{B127144D-A219-4AEE-9275-C303AC27CBD1}.Release|Any CPU.Build.0 = Release|Any CPU
	EndGlobalSection
	GlobalSection(SolutionProperties) = preSolution
		HideSolutionNode = FALSE
	EndGlobalSection
	GlobalSection(NestedProjects) = preSolution
		{195CF8FA-585C-432C-A4F1-0762B4108F29} = {7C6D5D08-242D-42E2-A79C-A78CBF6F9FD1}
		{6D46AD8E-785A-428D-B09E-B7C8EDAAE474} = {7C6D5D08-242D-42E2-A79C-A78CBF6F9FD1}
		{19AD26AA-3C2E-470C-9210-C98A53691909} = {7C6D5D08-242D-42E2-A79C-A78CBF6F9FD1}
		{B127144D-A219-4AEE-9275-C303AC27CBD1} = {7C6D5D08-242D-42E2-A79C-A78CBF6F9FD1}
	EndGlobalSection
	GlobalSection(ExtensibilityGlobals) = postSolution
		SolutionGuid = {459C1A62-9A4A-44D0-8A61-E985BE01DC13}
	EndGlobalSection
EndGlobal
